lockfile_version: '1'
generated_at: '2026-08-17T06:17:21.867737+00:00'
apm_version: 0.15.0
dependencies:
- repo_url: Netcracker/qubership-ai-packages
  host: github.com
  resolved_commit: 080fc1735d6ec56909e9968ebc764c4f921bf894
  virtual_path: agent-packages/apm-authoring
  is_virtual: true
  package_type: apm_package
  deployed_files:
  - .agents/skills/apm-authoring
  - .claude/rules/apm-authoring.md
  - .claude/skills/apm-authoring
  - .cursor/rules/apm-authoring.mdc
  - .github/instructions/apm-authoring.instructions.md
  deployed_file_hashes:
    .cursor/rules/apm-authoring.mdc: sha256:fbc8f94d4f0b94c04a0ed042ee06f1f48244fdac316f0ce15e2d38b0affbb9aa
    .github/instructions/apm-authoring.instructions.md: sha256:9ae7ddb9835b7074edd9d3e7f6df95426941ce6024b35b0d17aeb5d77322a4ce
  content_hash: sha256:1d731d0a26376eda0b82629e6e1cff1b41dfeae13fe8d7e5debb24a1699ea4a8
  is_dev: true
- repo_url: _local/troubleshoot-qubership-mistral
  package_type: apm_package
  deployed_files:
  - .agents/skills/troubleshoot-qubership-mistral
  - .claude/rules/troubleshoot-qubership-mistral.md
  - .claude/skills/troubleshoot-qubership-mistral
  - .cursor/rules/troubleshoot-qubership-mistral.mdc
  - .github/instructions/troubleshoot-qubership-mistral.instructions.md
  deployed_file_hashes:
    .claude/rules/troubleshoot-qubership-mistral.md: sha256:396fea77ed808668f1229589401e679138e94e0b921d89dabfdba8d7c0ecca3d
    .cursor/rules/troubleshoot-qubership-mistral.mdc: sha256:39fdf76e241ac46953565c571b973e7d0bcff7dfc451e090f9a2a38506a4f683
    .github/instructions/troubleshoot-qubership-mistral.instructions.md: sha256:3190b78ab0c70379f7472aa159b9756e78c72c61616a0e6c4165e7a074410e67
  source: local
  local_path: ./agent-packages/troubleshoot-qubership-mistral/
  is_dev: true
